
Microsoft Visual Studio Solution File, Format Version 12.00
# Visual Studio 15
VisualStudioVersion = 15.0.26730.16
MinimumVisualStudioVersion = 10.0.40219.1
Project("{8BC9CEB8-8B4A-11D0-8D11-00A0C91BC942}") = "lab2", "lab2\lab2.vcxproj", "{18F39E07-CE9A-4CF5-8048-1FDB348964FD}"
EndProject
Global
	GlobalSection(SolutionConfigurationPlatforms) = preSolution
		Debug|x64 = Debug|x64
		Debug|x86 = Debug|x86
		Release|x64 = Release|x64
		Release|x86 = Release|x86
	EndGlobalSection
	GlobalSection(ProjectConfigurationPlatforms) = postSolution
		{18F39E07-CE9A-4CF5-8048-1FDB348964FD}.Debug|x64.ActiveCfg = Debug|x64
		{18F39E07-CE9A-4CF5-8048-1FDB348964FD}.Debug|x64.Build.0 = Debug|x64
		{18F39E07-CE9A-4CF5-8048-1FDB348964FD}.Debug|x86.ActiveCfg = Debug|Win32
		{18F39E07-CE9A-4CF5-8048-1FDB348964FD}.Debug|x86.Build.0 = Debug|Win32
		{18F39E07-CE9A-4CF5-8048-1FDB348964FD}.Release|x64.ActiveCfg = Release|x64
		{18F39E07-CE9A-4CF5-8048-1FDB348964FD}.Release|x64.Build.0 = Release|x64
		{18F39E07-CE9A-4CF5-8048-1FDB348964FD}.Release|x86.ActiveCfg = Release|Win32
		{18F39E07-CE9A-4CF5-8048-1FDB348964FD}.Release|x86.Build.0 = Release|Win32
	EndGlobalSection
	GlobalSection(SolutionProperties) = preSolution
		HideSolutionNode = FALSE
	EndGlobalSection
	GlobalSection(ExtensibilityGlobals) = postSolution
		SolutionGuid = {83F9E914-7D05-4363-80A1-4FA91C88BB57}
	EndGlobalSection
EndGlobal
